
Microsoft Visual Studio Solution File, Format Version 12.00
# Visual Studio Version 17
VisualStudioVersion = 17.10.34607.79
MinimumVisualStudioVersion = 10.0.40219.1
Project("{9A19103F-16F7-4668-BE54-9A1E7A4F7556}") = "ChatAI.Web", "ChatAI.Web\ChatAI.Web.csproj", "{5812BBD6-98F8-46D4-B86F-6F1E154AC55C}"
EndProject
Project("{FAE04EC0-301F-11D3-BF4B-00C04F79EFBC}") = "RazorClassLibrary", "RazorClassLibrary\RazorClassLibrary.csproj", "{97AE9AB4-920F-43CF-AFD1-22383AC06F45}"
EndProject
Global
	GlobalSection(SolutionConfigurationPlatforms) = preSolution
		Debug|Any CPU = Debug|Any CPU
		Release|Any CPU = Release|Any CPU
	EndGlobalSection
	GlobalSection(ProjectConfigurationPlatforms) = postSolution
		{5812BBD6-98F8-46D4-B86F-6F1E154AC55C}.Debug|Any CPU.ActiveCfg = Debug|Any CPU
		{5812BBD6-98F8-46D4-B86F-6F1E154AC55C}.Debug|Any CPU.Build.0 = Debug|Any CPU
		{5812BBD6-98F8-46D4-B86F-6F1E154AC55C}.Release|Any CPU.ActiveCfg = Release|Any CPU
		{5812BBD6-98F8-46D4-B86F-6F1E154AC55C}.Release|Any CPU.Build.0 = Release|Any CPU
		{97AE9AB4-920F-43CF-AFD1-22383AC06F45}.Debug|Any CPU.ActiveCfg = Debug|Any CPU
		{97AE9AB4-920F-43CF-AFD1-22383AC06F45}.Debug|Any CPU.Build.0 = Debug|Any CPU
		{97AE9AB4-920F-43CF-AFD1-22383AC06F45}.Release|Any CPU.ActiveCfg = Release|Any CPU
		{97AE9AB4-920F-43CF-AFD1-22383AC06F45}.Release|Any CPU.Build.0 = Release|Any CPU
	EndGlobalSection
	GlobalSection(SolutionProperties) = preSolution
		HideSolutionNode = FALSE
	EndGlobalSection
	GlobalSection(ExtensibilityGlobals) = postSolution
		SolutionGuid = {B230C94B-6C8E-4C1C-9010-115077DFC66D}
	EndGlobalSection
EndGlobal
